
Microsoft Visual Studio Solution File, Format Version 12.00
# Visual Studio Version 17
VisualStudioVersion = 17.4.32804.182
MinimumVisualStudioVersion = 10.0.40219.1
Project("{FAE04EC0-301F-11D3-BF4B-00C04F79EFBC}") = "BlazorApp1", "BlazorApp1\BlazorApp1.csproj", "{D91B3862-53C2-4632-A4CF-AE2E108C06BE}"
EndProject
Global
	GlobalSection(SolutionConfigurationPlatforms) = preSolution
		Debug|Any CPU = Debug|Any CPU
		Release|Any CPU = Release|Any CPU
	EndGlobalSection
	GlobalSection(ProjectConfigurationPlatforms) = postSolution
		{D91B3862-53C2-4632-A4CF-AE2E108C06BE}.Debug|Any CPU.ActiveCfg = Debug|Any CPU
		{D91B3862-53C2-4632-A4CF-AE2E108C06BE}.Debug|Any CPU.Build.0 = Debug|Any CPU
		{D91B3862-53C2-4632-A4CF-AE2E108C06BE}.Release|Any CPU.ActiveCfg = Release|Any CPU
		{D91B3862-53C2-4632-A4CF-AE2E108C06BE}.Release|Any CPU.Build.0 = Release|Any CPU
	EndGlobalSection
	GlobalSection(SolutionProperties) = preSolution
		HideSolutionNode = FALSE
	EndGlobalSection
	GlobalSection(ExtensibilityGlobals) = postSolution
		SolutionGuid = {406C66BF-AD24-4901-9BD2-998C4C48AEF6}
	EndGlobalSection
EndGlobal
